lockfileVersion: '9.0'

settings:
  autoInstallPeers: true
  excludeLinksFromLockfile: false

importers:

  .:
    dependencies:
      sigma:
        specifier: '>=3.0.0-beta.17'
        version: 3.0.1(graphology-types@0.24.8)

packages:

  events@3.3.0:
    resolution: {integrity: sha512-mQw+2fkQbALzQ7V0MY0IqdnXNOeTtP4r0lN9z7AAawCXgqea7bDii20AYrIBrFd/Hx0M2Ocz6S111CaFkUcb0Q==}
    engines: {node: '>=0.8.x'}

  graphology-types@0.24.8:
    resolution: {integrity: sha512-hDRKYXa8TsoZHjgEaysSRyPdT6uB78Ci8WnjgbStlQysz7xR52PInxNsmnB7IBOM1BhikxkNyCVEFgmPKnpx3Q==}

  graphology-utils@2.5.2:
    resolution: {integrity: sha512-ckHg8MXrXJkOARk56ZaSCM1g1Wihe2d6iTmz1enGOz4W/l831MBCKSayeFQfowgF8wd+PQ4rlch/56Vs/VZLDQ==}
    peerDependencies:
      graphology-types: '>=0.23.0'

  sigma@3.0.1:
    resolution: {integrity: sha512-z67BX1FhIpD+wLs2WJ7QS2aR49TcSr3YaVZ2zU8cAc5jMiUYlSbeDp4EI6euBDUpm3/lzO4pfytP/gW4BhXWuA==}

snapshots:

  events@3.3.0: {}

  graphology-types@0.24.8: {}

  graphology-utils@2.5.2(graphology-types@0.24.8):
    dependencies:
      graphology-types: 0.24.8

  sigma@3.0.1(graphology-types@0.24.8):
    dependencies:
      events: 3.3.0
      graphology-utils: 2.5.2(graphology-types@0.24.8)
    transitivePeerDependencies:
      - graphology-types
